
Microsoft Visual Studio Solution File, Format Version 12.00
# Visual Studio Version 17
VisualStudioVersion = 17.3.32811.315
MinimumVisualStudioVersion = 10.0.40219.1
Project("{FAE04EC0-301F-11D3-BF4B-00C04F79EFBC}") = "EstoqueProduto", "EstoqueProduto\EstoqueProduto.csproj", "{8A8C383A-FBAC-4C53-952A-7854CF942F77}"
EndProject
Global
	GlobalSection(SolutionConfigurationPlatforms) = preSolution
		Debug|Any CPU = Debug|Any CPU
		Release|Any CPU = Release|Any CPU
	EndGlobalSection
	GlobalSection(ProjectConfigurationPlatforms) = postSolution
		{8A8C383A-FBAC-4C53-952A-7854CF942F77}.Debug|Any CPU.ActiveCfg = Debug|Any CPU
		{8A8C383A-FBAC-4C53-952A-7854CF942F77}.Debug|Any CPU.Build.0 = Debug|Any CPU
		{8A8C383A-FBAC-4C53-952A-7854CF942F77}.Release|Any CPU.ActiveCfg = Release|Any CPU
		{8A8C383A-FBAC-4C53-952A-7854CF942F77}.Release|Any CPU.Build.0 = Release|Any CPU
	EndGlobalSection
	GlobalSection(SolutionProperties) = preSolution
		HideSolutionNode = FALSE
	EndGlobalSection
	GlobalSection(ExtensibilityGlobals) = postSolution
		SolutionGuid = {CD381AF1-7181-463B-8056-B4CBA12A4256}
	EndGlobalSection
EndGlobal
